
Microsoft Visual Studio Solution File, Format Version 12.00
# Visual Studio Version 17
VisualStudioVersion = 17.5.33502.453
MinimumVisualStudioVersion = 10.0.40219.1
Project("{9A19103F-16F7-4668-BE54-9A1E7A4F7556}") = "Naloga3", "Naloga3\Naloga3.csproj", "{84395FA6-A268-4760-8CCA-B0EC215DE9FA}"
EndProject
Project("{54435603-DBB4-11D2-8724-00A0C9A8B90C}") = "Setup1", "Setup1\Setup1.vdproj", "{8CE16FB4-4EC8-4088-9C1D-71BAF2F8823A}"
EndProject
Global
	GlobalSection(SolutionConfigurationPlatforms) = preSolution
		Debug|Any CPU = Debug|Any CPU
		Release|Any CPU = Release|Any CPU
	EndGlobalSection
	GlobalSection(ProjectConfigurationPlatforms) = postSolution
		{84395FA6-A268-4760-8CCA-B0EC215DE9FA}.Debug|Any CPU.ActiveCfg = Debug|Any CPU
		{84395FA6-A268-4760-8CCA-B0EC215DE9FA}.Debug|Any CPU.Build.0 = Debug|Any CPU
		{84395FA6-A268-4760-8CCA-B0EC215DE9FA}.Release|Any CPU.ActiveCfg = Release|Any CPU
		{84395FA6-A268-4760-8CCA-B0EC215DE9FA}.Release|Any CPU.Build.0 = Release|Any CPU
		{8CE16FB4-4EC8-4088-9C1D-71BAF2F8823A}.Debug|Any CPU.ActiveCfg = Debug
		{8CE16FB4-4EC8-4088-9C1D-71BAF2F8823A}.Release|Any CPU.ActiveCfg = Release
	EndGlobalSection
	GlobalSection(SolutionProperties) = preSolution
		HideSolutionNode = FALSE
	EndGlobalSection
	GlobalSection(ExtensibilityGlobals) = postSolution
		SolutionGuid = {64E39085-D271-49E2-BD7A-6CD28C3F251B}
	EndGlobalSection
EndGlobal
